// !$*UTF8*$!
{
	archiveVersion = 1;
	classes = {
	};
	objectVersion = 46;
	objects = {

/* Begin PBXBuildFile section */
		FA0C529D1B66E58C008D94B3 /* WWDataStore.m in Sources */ = {isa = PBXBuildFile; fileRef = FA0C529C1B66E58C008D94B3 /* WWDataStore.m */; };
		FA0C52A31B66ECFC008D94B3 /* WWAlarm.m in Sources */ = {isa = PBXBuildFile; fileRef = FA0C52A21B66ECFC008D94B3 /* WWAlarm.m */; };
		FA0C52A61B66ED67008D94B3 /* WWDataStore+Alarm.m in Sources */ = {isa = PBXBuildFile; fileRef = FA0C52A51B66ED67008D94B3 /* WWDataStore+Alarm.m */; };
		FA0C52A91B66F232008D94B3 /* WWAlarmsViewController.m in Sources */ = {isa = PBXBuildFile; fileRef = FA0C52A81B66F232008D94B3 /* WWAlarmsViewController.m */; };
		FA0C52AC1B66F2E6008D94B3 /* WWAlarmTableViewCell.m in Sources */ = {isa = PBXBuildFile; fileRef = FA0C52AB1B66F2E6008D94B3 /* WWAlarmTableViewCell.m */; };
		FA24C6441B6D48E5009D05A6 /* WWAlarmFormViewController.m in Sources */ = {isa = PBXBuildFile; fileRef = FA24C6431B6D48E5009D05A6 /* WWAlarmFormViewController.m */; };
		FA24C6471B6D490A009D05A6 /* WWAlarmFormView.m in Sources */ = {isa = PBXBuildFile; fileRef = FA24C6461B6D490A009D05A6 /* WWAlarmFormView.m */; };
		FA24C64A1B6D4985009D05A6 /* WWAlarmFormLocationViewController.m in Sources */ = {isa = PBXBuildFile; fileRef = FA24C6491B6D4985009D05A6 /* WWAlarmFormLocationViewController.m */; };
		FA24C64D1B6D49A5009D05A6 /* WWAlarmFormLocationView.m in Sources */ = {isa = PBXBuildFile; fileRef = FA24C64C1B6D49A5009D05A6 /* WWAlarmFormLocationView.m */; };
		FA2E76171BE5135B00C72958 /* UIColor+WWColor.m in Sources */ = {isa = PBXBuildFile; fileRef = FA2E76161BE5135B00C72958 /* UIColor+WWColor.m */; };
		FA2E761B1BE519D100C72958 /* WWButton.m in Sources */ = {isa = PBXBuildFile; fileRef = FA2E761A1BE519D100C72958 /* WWButton.m */; };
		FA2E76221BE64E9D00C72958 /* WWViewController.m in Sources */ = {isa = PBXBuildFile; fileRef = FA2E76211BE64E9D00C72958 /* WWViewController.m */; };
		FA2E76251BE79CC400C72958 /* WWTextField.m in Sources */ = {isa = PBXBuildFile; fileRef = FA2E76241BE79CC400C72958 /* WWTextField.m */; };
		FA2E76281BE79D6400C72958 /* UIFont+WWFont.m in Sources */ = {isa = PBXBuildFile; fileRef = FA2E76271BE79D6400C72958 /* UIFont+WWFont.m */; };
		FAA1B7571C4AA5BA00B7C8E5 /* WWAlarmFormRepeatViewController.m in Sources */ = {isa = PBXBuildFile; fileRef = FAA1B7561C4AA5BA00B7C8E5 /* WWAlarmFormRepeatViewController.m */; };
		FADE35D51B65886F0020ADFD /* main.m in Sources */ = {isa = PBXBuildFile; fileRef = FADE35D41B65886F0020ADFD /* main.m */; };
		FADE35DB1B65886F0020ADFD /* WakeWake.xcdatamodeld in Sources */ = {isa = PBXBuildFile; fileRef = FADE35D91B65886F0020ADFD /* WakeWake.xcdatamodeld */; };
		FADE35E11B65886F0020ADFD /* Main.storyboard in Resources */ = {isa = PBXBuildFile; fileRef = FADE35DF1B65886F0020ADFD /* Main.storyboard */; };
		FADE35E31B65886F0020ADFD /* Images.xcassets in Resources */ = {isa = PBXBuildFile; fileRef = FADE35E21B65886F0020ADFD /* Images.xcassets */; };
		FADE35E61B65886F0020ADFD /* LaunchScreen.xib in Resources */ = {isa = PBXBuildFile; fileRef = FADE35E41B65886F0020ADFD /* LaunchScreen.xib */; };
		FADE35F21B65886F0020ADFD /* WakeWakeTests.m in Sources */ = {isa = PBXBuildFile; fileRef = FADE35F11B65886F0020ADFD /* WakeWakeTests.m */; };
		FADE35FD1B65889C0020ADFD /* AppDelegate.m in Sources */ = {isa = PBXBuildFile; fileRef = FADE35FC1B65889C0020ADFD /* AppDelegate.m */; };
		FAE437B81B8D3E090032F38F /* MapKit.framework in Frameworks */ = {isa = PBXBuildFile; fileRef = FAE437B71B8D3E090032F38F /* MapKit.framework */; };
		FAE437BA1B8D3E160032F38F /* CoreLocation.framework in Frameworks */ = {isa = PBXBuildFile; fileRef = FAE437B91B8D3E160032F38F /* CoreLocation.framework */; };
/* End PBXBuildFile section */

/* Begin PBXContainerItemProxy section */
		FADE35EC1B65886F0020ADFD /* PBXContainerItemProxy */ = {
			isa = PBXContainerItemProxy;
			containerPortal = FADE35C71B65886F0020ADFD /* Project object */;
			proxyType = 1;
			remoteGlobalIDString = FADE35CE1B65886F0020ADFD;
			remoteInfo = WakeWake;
		};
/* End PBXContainerItemProxy section */

/* Begin PBXFileReference section */
		FA0C529B1B66E58C008D94B3 /* WWDataStore.h */ = {isa = PBXFileReference; fileEncoding = 4; lastKnownFileType = sourcecode.c.h; name = WWDataStore.h; path = Data/WWDataStore.h; sourceTree = "<group>"; };
		FA0C529C1B66E58C008D94B3 /* WWDataStore.m */ = {isa = PBXFileReference; fileEncoding = 4; lastKnownFileType = sourcecode.c.objc; name = WWDataStore.m; path = Data/WWDataStore.m; sourceTree = "<group>"; };
		FA0C52A11B66ECFC008D94B3 /* WWAlarm.h */ = {isa = PBXFileReference; fileEncoding = 4; lastKnownFileType = sourcecode.c.h; name = WWAlarm.h; path = Models/WWAlarm.h; sourceTree = "<group>"; };
		FA0C52A21B66ECFC008D94B3 /* WWAlarm.m */ = {isa = PBXFileReference; fileEncoding = 4; lastKnownFileType = sourcecode.c.objc; name = WWAlarm.m; path = Models/WWAlarm.m; sourceTree = "<group>"; };
		FA0C52A41B66ED67008D94B3 /* WWDataStore+Alarm.h */ = {isa = PBXFileReference; fileEncoding = 4; lastKnownFileType = sourcecode.c.h; name = "WWDataStore+Alarm.h"; path = "Data/WWDataStore+Alarm.h"; sourceTree = "<group>"; };
		FA0C52A51B66ED67008D94B3 /* WWDataStore+Alarm.m */ = {isa = PBXFileReference; fileEncoding = 4; lastKnownFileType = sourcecode.c.objc; name = "WWDataStore+Alarm.m"; path = "Data/WWDataStore+Alarm.m"; sourceTree = "<group>"; };
		FA0C52A71B66F232008D94B3 /* WWAlarmsViewController.h */ = {isa = PBXFileReference; fileEncoding = 4; lastKnownFileType = sourcecode.c.h; name = WWAlarmsViewController.h; path = Controllers/WWAlarmsViewController.h; sourceTree = "<group>"; };
		FA0C52A81B66F232008D94B3 /* WWAlarmsViewController.m */ = {isa = PBXFileReference; fileEncoding = 4; lastKnownFileType = sourcecode.c.objc; name = WWAlarmsViewController.m; path = Controllers/WWAlarmsViewController.m; sourceTree = "<group>"; };
		FA0C52AA1B66F2E6008D94B3 /* WWAlarmTableViewCell.h */ = {isa = PBXFileReference; fileEncoding = 4; lastKnownFileType = sourcecode.c.h; name = WWAlarmTableViewCell.h; path = Views/WWAlarmTableViewCell.h; sourceTree = "<group>"; };
		FA0C52AB1B66F2E6008D94B3 /* WWAlarmTableViewCell.m */ = {isa = PBXFileReference; fileEncoding = 4; lastKnownFileType = sourcecode.c.objc; name = WWAlarmTableViewCell.m; path = Views/WWAlarmTableViewCell.m; sourceTree = "<group>"; };
		FA24C6421B6D48E5009D05A6 /* WWAlarmFormViewController.h */ = {isa = PBXFileReference; fileEncoding = 4; lastKnownFileType = sourcecode.c.h; name = WWAlarmFormViewController.h; path = Controllers/WWAlarmFormViewController.h; sourceTree = "<group>"; };
		FA24C6431B6D48E5009D05A6 /* WWAlarmFormViewController.m */ = {isa = PBXFileReference; fileEncoding = 4; lastKnownFileType = sourcecode.c.objc; name = WWAlarmFormViewController.m; path = Controllers/WWAlarmFormViewController.m; sourceTree = "<group>"; };
		FA24C6451B6D490A009D05A6 /* WWAlarmFormView.h */ = {isa = PBXFileReference; fileEncoding = 4; lastKnownFileType = sourcecode.c.h; name = WWAlarmFormView.h; path = Views/WWAlarmFormView.h; sourceTree = "<group>"; };
		FA24C6461B6D490A009D05A6 /* WWAlarmFormView.m */ = {isa = PBXFileReference; fileEncoding = 4; lastKnownFileType = sourcecode.c.objc; name = WWAlarmFormView.m; path = Views/WWAlarmFormView.m; sourceTree = "<group>"; };
		FA24C6481B6D4985009D05A6 /* WWAlarmFormLocationViewController.h */ = {isa = PBXFileReference; fileEncoding = 4; lastKnownFileType = sourcecode.c.h; name = WWAlarmFormLocationViewController.h; path = Controllers/WWAlarmFormLocationViewController.h; sourceTree = "<group>"; };
		FA24C6491B6D4985009D05A6 /* WWAlarmFormLocationViewController.m */ = {isa = PBXFileReference; fileEncoding = 4; lastKnownFileType = sourcecode.c.objc; name = WWAlarmFormLocationViewController.m; path = Controllers/WWAlarmFormLocationViewController.m; sourceTree = "<group>"; };
		FA24C64B1B6D49A5009D05A6 /* WWAlarmFormLocationView.h */ = {isa = PBXFileReference; fileEncoding = 4; lastKnownFileType = sourcecode.c.h; name = WWAlarmFormLocationView.h; path = Views/WWAlarmFormLocationView.h; sourceTree = "<group>"; };
		FA24C64C1B6D49A5009D05A6 /* WWAlarmFormLocationView.m */ = {isa = PBXFileReference; fileEncoding = 4; lastKnownFileType = sourcecode.c.objc; name = WWAlarmFormLocationView.m; path = Views/WWAlarmFormLocationView.m; sourceTree = "<group>"; };
		FA2E76151BE5135B00C72958 /* UIColor+WWColor.h */ = {isa = PBXFileReference; fileEncoding = 4; lastKnownFileType = sourcecode.c.h; name = "UIColor+WWColor.h"; path = "Constants/UIColor+WWColor.h"; sourceTree = "<group>"; };
		FA2E76161BE5135B00C72958 /* UIColor+WWColor.m */ = {isa = PBXFileReference; fileEncoding = 4; lastKnownFileType = sourcecode.c.objc; name = "UIColor+WWColor.m"; path = "Constants/UIColor+WWColor.m"; sourceTree = "<group>"; };
		FA2E76191BE519D100C72958 /* WWButton.h */ = {isa = PBXFileReference; fileEncoding = 4; lastKnownFileType = sourcecode.c.h; name = WWButton.h; path = Components/WWButton.h; sourceTree = "<group>"; };
		FA2E761A1BE519D100C72958 /* WWButton.m */ = {isa = PBXFileReference; fileEncoding = 4; lastKnownFileType = sourcecode.c.objc; name = WWButton.m; path = Components/WWButton.m; sourceTree = "<group>"; };
		FA2E76201BE64E9D00C72958 /* WWViewController.h */ = {isa = PBXFileReference; fileEncoding = 4; lastKnownFileType = sourcecode.c.h; name = WWViewController.h; path = Components/WWViewController.h; sourceTree = "<group>"; };
		FA2E76211BE64E9D00C72958 /* WWViewController.m */ = {isa = PBXFileReference; fileEncoding = 4; lastKnownFileType = sourcecode.c.objc; name = WWViewController.m; path = Components/WWViewController.m; sourceTree = "<group>"; };
		FA2E76231BE79CC400C72958 /* WWTextField.h */ = {isa = PBXFileReference; fileEncoding = 4; lastKnownFileType = sourcecode.c.h; name = WWTextField.h; path = Components/WWTextField.h; sourceTree = "<group>"; };
		FA2E76241BE79CC400C72958 /* WWTextField.m */ = {isa = PBXFileReference; fileEncoding = 4; lastKnownFileType = sourcecode.c.objc; name = WWTextField.m; path = Components/WWTextField.m; sourceTree = "<group>"; };
		FA2E76261BE79D6400C72958 /* UIFont+WWFont.h */ = {isa = PBXFileReference; fileEncoding = 4; lastKnownFileType = sourcecode.c.h; name = "UIFont+WWFont.h"; path = "Constants/UIFont+WWFont.h"; sourceTree = "<group>"; };
		FA2E76271BE79D6400C72958 /* UIFont+WWFont.m */ = {isa = PBXFileReference; fileEncoding = 4; lastKnownFileType = sourcecode.c.objc; name = "UIFont+WWFont.m"; path = "Constants/UIFont+WWFont.m"; sourceTree = "<group>"; };
		FAA1B7551C4AA5BA00B7C8E5 /* WWAlarmFormRepeatViewController.h */ = {isa = PBXFileReference; fileEncoding = 4; lastKnownFileType = sourcecode.c.h; name = WWAlarmFormRepeatViewController.h; path = Controllers/WWAlarmFormRepeatViewController.h; sourceTree = "<group>"; };
		FAA1B7561C4AA5BA00B7C8E5 /* WWAlarmFormRepeatViewController.m */ = {isa = PBXFileReference; fileEncoding = 4; lastKnownFileType = sourcecode.c.objc; name = WWAlarmFormRepeatViewController.m; path = Controllers/WWAlarmFormRepeatViewController.m; sourceTree = "<group>"; };
		FADE35CF1B65886F0020ADFD /* WakeWake.app */ = {isa = PBXFileReference; explicitFileType = wrapper.application; includeInIndex = 0; path = WakeWake.app; sourceTree = BUILT_PRODUCTS_DIR; };
		FADE35D31B65886F0020ADFD /* Info.plist */ = {isa = PBXFileReference; lastKnownFileType = text.plist.xml; path = Info.plist; sourceTree = "<group>"; };
		FADE35D41B65886F0020ADFD /* main.m */ = {isa = PBXFileReference; lastKnownFileType = sourcecode.c.objc; path = main.m; sourceTree = "<group>"; };
		FADE35DA1B65886F0020ADFD /* WakeWake.xcdatamodel */ = {isa = PBXFileReference; lastKnownFileType = wrapper.xcdatamodel; path = WakeWake.xcdatamodel; sourceTree = "<group>"; };
		FADE35E01B65886F0020ADFD /* Base */ = {isa = PBXFileReference; lastKnownFileType = file.storyboard; name = Base; path = Base.lproj/Main.storyboard; sourceTree = "<group>"; };
		FADE35E21B65886F0020ADFD /* Images.xcassets */ = {isa = PBXFileReference; lastKnownFileType = folder.assetcatalog; path = Images.xcassets; sourceTree = "<group>"; };
		FADE35E51B65886F0020ADFD /* Base */ = {isa = PBXFileReference; lastKnownFileType = file.xib; name = Base; path = Base.lproj/LaunchScreen.xib; sourceTree = "<group>"; };
		FADE35EB1B65886F0020ADFD /* WakeWakeTests.xctest */ = {isa = PBXFileReference; explicitFileType = wrapper.cfbundle; includeInIndex = 0; path = WakeWakeTests.xctest; sourceTree = BUILT_PRODUCTS_DIR; };
		FADE35F01B65886F0020ADFD /* Info.plist */ = {isa = PBXFileReference; lastKnownFileType = text.plist.xml; path = Info.plist; sourceTree = "<group>"; };
		FADE35F11B65886F0020ADFD /* WakeWakeTests.m */ = {isa = PBXFileReference; lastKnownFileType = sourcecode.c.objc; path = WakeWakeTests.m; sourceTree = "<group>"; };
		FADE35FB1B65889C0020ADFD /* AppDelegate.h */ = {isa = PBXFileReference; fileEncoding = 4; lastKnownFileType = sourcecode.c.h; path = AppDelegate.h; sourceTree = "<group>"; };
		FADE35FC1B65889C0020ADFD /* AppDelegate.m */ = {isa = PBXFileReference; fileEncoding = 4; lastKnownFileType = sourcecode.c.objc; path = AppDelegate.m; sourceTree = "<group>"; };
		FAE437B71B8D3E090032F38F /* MapKit.framework */ = {isa = PBXFileReference; lastKnownFileType = wrapper.framework; name = MapKit.framework; path = System/Library/Frameworks/MapKit.framework; sourceTree = SDKROOT; };
		FAE437B91B8D3E160032F38F /* CoreLocation.framework */ = {isa = PBXFileReference; lastKnownFileType = wrapper.framework; name = CoreLocation.framework; path = System/Library/Frameworks/CoreLocation.framework; sourceTree = SDKROOT; };
/* End PBXFileReference section */

/* Begin PBXFrameworksBuildPhase section */
		FADE35CC1B65886F0020ADFD /* Frameworks */ = {
			isa = PBXFrameworksBuildPhase;
			buildActionMask = 2147483647;
			files = (
				FAE437BA1B8D3E160032F38F /* CoreLocation.framework in Frameworks */,
				FAE437B81B8D3E090032F38F /* MapKit.framework in Frameworks */,
			);
			runOnlyForDeploymentPostprocessing = 0;
		};
		FADE35E81B65886F0020ADFD /* Frameworks */ = {
			isa = PBXFrameworksBuildPhase;
			buildActionMask = 2147483647;
			files = (
			);
			runOnlyForDeploymentPostprocessing = 0;
		};
/* End PBXFrameworksBuildPhase section */

/* Begin PBXGroup section */
		FA0C529A1B66E4E5008D94B3 /* Data */ = {
			isa = PBXGroup;
			children = (
				FA0C529B1B66E58C008D94B3 /* WWDataStore.h */,
				FA0C529C1B66E58C008D94B3 /* WWDataStore.m */,
				FA0C52A41B66ED67008D94B3 /* WWDataStore+Alarm.h */,
				FA0C52A51B66ED67008D94B3 /* WWDataStore+Alarm.m */,
			);
			name = Data;
			sourceTree = "<group>";
		};
		FA0C529E1B66EC9E008D94B3 /* Controller */ = {
			isa = PBXGroup;
			children = (
				FA0C52A71B66F232008D94B3 /* WWAlarmsViewController.h */,
				FA0C52A81B66F232008D94B3 /* WWAlarmsViewController.m */,
				FA24C6421B6D48E5009D05A6 /* WWAlarmFormViewController.h */,
				FA24C6431B6D48E5009D05A6 /* WWAlarmFormViewController.m */,
				FA24C6481B6D4985009D05A6 /* WWAlarmFormLocationViewController.h */,
				FA24C6491B6D4985009D05A6 /* WWAlarmFormLocationViewController.m */,
				FAA1B7551C4AA5BA00B7C8E5 /* WWAlarmFormRepeatViewController.h */,
				FAA1B7561C4AA5BA00B7C8E5 /* WWAlarmFormRepeatViewController.m */,
			);
			name = Controller;
			sourceTree = "<group>";
		};
		FA0C529F1B66ECAC008D94B3 /* View */ = {
			isa = PBXGroup;
			children = (
				FA0C52AA1B66F2E6008D94B3 /* WWAlarmTableViewCell.h */,
				FA0C52AB1B66F2E6008D94B3 /* WWAlarmTableViewCell.m */,
				FA24C6451B6D490A009D05A6 /* WWAlarmFormView.h */,
				FA24C6461B6D490A009D05A6 /* WWAlarmFormView.m */,
				FA24C64B1B6D49A5009D05A6 /* WWAlarmFormLocationView.h */,
				FA24C64C1B6D49A5009D05A6 /* WWAlarmFormLocationView.m */,
			);
			name = View;
			sourceTree = "<group>";
		};
		FA0C52A01B66ECB6008D94B3 /* Model */ = {
			isa = PBXGroup;
			children = (
				FA0C52A11B66ECFC008D94B3 /* WWAlarm.h */,
				FA0C52A21B66ECFC008D94B3 /* WWAlarm.m */,
			);
			name = Model;
			sourceTree = "<group>";
		};
		FA2E76181BE5136100C72958 /* Constants */ = {
			isa = PBXGroup;
			children = (
				FA2E76151BE5135B00C72958 /* UIColor+WWColor.h */,
				FA2E76161BE5135B00C72958 /* UIColor+WWColor.m */,
				FA2E76261BE79D6400C72958 /* UIFont+WWFont.h */,
				FA2E76271BE79D6400C72958 /* UIFont+WWFont.m */,
			);
			name = Constants;
			sourceTree = "<group>";
		};
		FA2E761C1BE519D500C72958 /* Components */ = {
			isa = PBXGroup;
			children = (
				FA2E76191BE519D100C72958 /* WWButton.h */,
				FA2E761A1BE519D100C72958 /* WWButton.m */,
				FA2E76201BE64E9D00C72958 /* WWViewController.h */,
				FA2E76211BE64E9D00C72958 /* WWViewController.m */,
				FA2E76231BE79CC400C72958 /* WWTextField.h */,
				FA2E76241BE79CC400C72958 /* WWTextField.m */,
			);
			name = Components;
			sourceTree = "<group>";
		};
		FADE35C61B65886F0020ADFD = {
			isa = PBXGroup;
			children = (
				FAE437B91B8D3E160032F38F /* CoreLocation.framework */,
				FAE437B71B8D3E090032F38F /* MapKit.framework */,
				FADE35D11B65886F0020ADFD /* WakeWake */,
				FADE35EE1B65886F0020ADFD /* WakeWakeTests */,
				FADE35D01B65886F0020ADFD /* Products */,
			);
			sourceTree = "<group>";
		};
		FADE35D01B65886F0020ADFD /* Products */ = {
			isa = PBXGroup;
			children = (
				FADE35CF1B65886F0020ADFD /* WakeWake.app */,
				FADE35EB1B65886F0020ADFD /* WakeWakeTests.xctest */,
			);
			name = Products;
			sourceTree = "<group>";
		};
		FADE35D11B65886F0020ADFD /* WakeWake */ = {
			isa = PBXGroup;
			children = (
				FA2E761C1BE519D500C72958 /* Components */,
				FA2E76181BE5136100C72958 /* Constants */,
				FA0C52A01B66ECB6008D94B3 /* Model */,
				FA0C529F1B66ECAC008D94B3 /* View */,
				FA0C529E1B66EC9E008D94B3 /* Controller */,
				FA0C529A1B66E4E5008D94B3 /* Data */,
				FADE35FB1B65889C0020ADFD /* AppDelegate.h */,
				FADE35FC1B65889C0020ADFD /* AppDelegate.m */,
				FADE35DF1B65886F0020ADFD /* Main.storyboard */,
				FADE35E21B65886F0020ADFD /* Images.xcassets */,
				FADE35E41B65886F0020ADFD /* LaunchScreen.xib */,
				FADE35D91B65886F0020ADFD /* WakeWake.xcdatamodeld */,
				FADE35D21B65886F0020ADFD /* Supporting Files */,
			);
			path = WakeWake;
			sourceTree = "<group>";
		};
		FADE35D21B65886F0020ADFD /* Supporting Files */ = {
			isa = PBXGroup;
			children = (
				FADE35D31B65886F0020ADFD /* Info.plist */,
				FADE35D41B65886F0020ADFD /* main.m */,
			);
			name = "Supporting Files";
			sourceTree = "<group>";
		};
		FADE35EE1B65886F0020ADFD /* WakeWakeTests */ = {
			isa = PBXGroup;
			children = (
				FADE35F11B65886F0020ADFD /* WakeWakeTests.m */,
				FADE35EF1B65886F0020ADFD /* Supporting Files */,
			);
			path = WakeWakeTests;
			sourceTree = "<group>";
		};
		FADE35EF1B65886F0020ADFD /* Supporting Files */ = {
			isa = PBXGroup;
			children = (
				FADE35F01B65886F0020ADFD /* Info.plist */,
			);
			name = "Supporting Files";
			sourceTree = "<group>";
		};
/* End PBXGroup section */

/* Begin PBXNativeTarget section */
		FADE35CE1B65886F0020ADFD /* WakeWake */ = {
			isa = PBXNativeTarget;
			buildConfigurationList = FADE35F51B65886F0020ADFD /* Build configuration list for PBXNativeTarget "WakeWake" */;
			buildPhases = (
				FADE35CB1B65886F0020ADFD /* Sources */,
				FADE35CC1B65886F0020ADFD /* Frameworks */,
				FADE35CD1B65886F0020ADFD /* Resources */,
			);
			buildRules = (
			);
			dependencies = (
			);
			name = WakeWake;
			productName = WakeWake;
			productReference = FADE35CF1B65886F0020ADFD /* WakeWake.app */;
			productType = "com.apple.product-type.application";
		};
		FADE35EA1B65886F0020ADFD /* WakeWakeTests */ = {
			isa = PBXNativeTarget;
			buildConfigurationList = FADE35F81B65886F0020ADFD /* Build configuration list for PBXNativeTarget "WakeWakeTests" */;
			buildPhases = (
				FADE35E71B65886F0020ADFD /* Sources */,
				FADE35E81B65886F0020ADFD /* Frameworks */,
				FADE35E91B65886F0020ADFD /* Resources */,
			);
			buildRules = (
			);
			dependencies = (
				FADE35ED1B65886F0020ADFD /* PBXTargetDependency */,
			);
			name = WakeWakeTests;
			productName = WakeWakeTests;
			productReference = FADE35EB1B65886F0020ADFD /* WakeWakeTests.xctest */;
			productType = "com.apple.product-type.bundle.unit-test";
		};
/* End PBXNativeTarget section */

/* Begin PBXProject section */
		FADE35C71B65886F0020ADFD /* Project object */ = {
			isa = PBXProject;
			attributes = {
				CLASSPREFIX = WW;
				LastUpgradeCheck = 0610;
				ORGANIZATIONNAME = BReginato;
				TargetAttributes = {
					FADE35CE1B65886F0020ADFD = {
						CreatedOnToolsVersion = 6.1;
					};
					FADE35EA1B65886F0020ADFD = {
						CreatedOnToolsVersion = 6.1;
						TestTargetID = FADE35CE1B65886F0020ADFD;
					};
				};
			};
			buildConfigurationList = FADE35CA1B65886F0020ADFD /* Build configuration list for PBXProject "WakeWake" */;
			compatibilityVersion = "Xcode 3.2";
			developmentRegion = English;
			hasScannedForEncodings = 0;
			knownRegions = (
				en,
				Base,
			);
			mainGroup = FADE35C61B65886F0020ADFD;
			productRefGroup = FADE35D01B65886F0020ADFD /* Products */;
			projectDirPath = "";
			projectRoot = "";
			targets = (
				FADE35CE1B65886F0020ADFD /* WakeWake */,
				FADE35EA1B65886F0020ADFD /* WakeWakeTests */,
			);
		};
/* End PBXProject section */

/* Begin PBXResourcesBuildPhase section */
		FADE35CD1B65886F0020ADFD /* Resources */ = {
			isa = PBXResourcesBuildPhase;
			buildActionMask = 2147483647;
			files = (
				FADE35E11B65886F0020ADFD /* Main.storyboard in Resources */,
				FADE35E61B65886F0020ADFD /* LaunchScreen.xib in Resources */,
				FADE35E31B65886F0020ADFD /* Images.xcassets in Resources */,
			);
			runOnlyForDeploymentPostprocessing = 0;
		};
		FADE35E91B65886F0020ADFD /* Resources */ = {
			isa = PBXResourcesBuildPhase;
			buildActionMask = 2147483647;
			files = (
			);
			runOnlyForDeploymentPostprocessing = 0;
		};
/* End PBXResourcesBuildPhase section */

/* Begin PBXSourcesBuildPhase section */
		FADE35CB1B65886F0020ADFD /* Sources */ = {
			isa = PBXSourcesBuildPhase;
			buildActionMask = 2147483647;
			files = (
				FA24C6471B6D490A009D05A6 /* WWAlarmFormView.m in Sources */,
				FA0C52A31B66ECFC008D94B3 /* WWAlarm.m in Sources */,
				FA0C52A91B66F232008D94B3 /* WWAlarmsViewController.m in Sources */,
				FADE35DB1B65886F0020ADFD /* WakeWake.xcdatamodeld in Sources */,
				FA2E76171BE5135B00C72958 /* UIColor+WWColor.m in Sources */,
				FA24C6441B6D48E5009D05A6 /* WWAlarmFormViewController.m in Sources */,
				FA0C529D1B66E58C008D94B3 /* WWDataStore.m in Sources */,
				FADE35D51B65886F0020ADFD /* main.m in Sources */,
				FADE35FD1B65889C0020ADFD /* AppDelegate.m in Sources */,
				FA2E76281BE79D6400C72958 /* UIFont+WWFont.m in Sources */,
				FA0C52A61B66ED67008D94B3 /* WWDataStore+Alarm.m in Sources */,
				FA24C64A1B6D4985009D05A6 /* WWAlarmFormLocationViewController.m in Sources */,
				FA0C52AC1B66F2E6008D94B3 /* WWAlarmTableViewCell.m in Sources */,
				FA24C64D1B6D49A5009D05A6 /* WWAlarmFormLocationView.m in Sources */,
				FA2E761B1BE519D100C72958 /* WWButton.m in Sources */,
				FAA1B7571C4AA5BA00B7C8E5 /* WWAlarmFormRepeatViewController.m in Sources */,
				FA2E76221BE64E9D00C72958 /* WWViewController.m in Sources */,
				FA2E76251BE79CC400C72958 /* WWTextField.m in Sources */,
			);
			runOnlyForDeploymentPostprocessing = 0;
		};
		FADE35E71B65886F0020ADFD /* Sources */ = {
			isa = PBXSourcesBuildPhase;
			buildActionMask = 2147483647;
			files = (
				FADE35F21B65886F0020ADFD /* WakeWakeTests.m in Sources */,
			);
			runOnlyForDeploymentPostprocessing = 0;
		};
/* End PBXSourcesBuildPhase section */

/* Begin PBXTargetDependency section */
		FADE35ED1B65886F0020ADFD /* PBXTargetDependency */ = {
			isa = PBXTargetDependency;
			target = FADE35CE1B65886F0020ADFD /* WakeWake */;
			targetProxy = FADE35EC1B65886F0020ADFD /* PBXContainerItemProxy */;
		};
/* End PBXTargetDependency section */

/* Begin PBXVariantGroup section */
		FADE35DF1B65886F0020ADFD /* Main.storyboard */ = {
			isa = PBXVariantGroup;
			children = (
				FADE35E01B65886F0020ADFD /* Base */,
			);
			name = Main.storyboard;
			sourceTree = "<group>";
		};
		FADE35E41B65886F0020ADFD /* LaunchScreen.xib */ = {
			isa = PBXVariantGroup;
			children = (
				FADE35E51B65886F0020ADFD /* Base */,
			);
			name = LaunchScreen.xib;
			sourceTree = "<group>";
		};
/* End PBXVariantGroup section */

/* Begin XCBuildConfiguration section */
		FADE35F31B65886F0020ADFD /* Debug */ = {
			isa = XCBuildConfiguration;
			buildSettings = {
				ALWAYS_SEARCH_USER_PATHS = NO;
				CLANG_CXX_LANGUAGE_STANDARD = "gnu++0x";
				CLANG_CXX_LIBRARY = "libc++";
				CLANG_ENABLE_MODULES = YES;
				CLANG_ENABLE_OBJC_ARC = YES;
				CLANG_WARN_BOOL_CONVERSION = YES;
				CLANG_WARN_CONSTANT_CONVERSION = YES;
				CLANG_WARN_DIRECT_OBJC_ISA_USAGE = YES_ERROR;
				CLANG_WARN_EMPTY_BODY = YES;
				CLANG_WARN_ENUM_CONVERSION = YES;
				CLANG_WARN_INT_CONVERSION = YES;
				CLANG_WARN_OBJC_ROOT_CLASS = YES_ERROR;
				CLANG_WARN_UNREACHABLE_CODE = YES;
				CLANG_WARN__DUPLICATE_METHOD_MATCH = YES;
				"CODE_SIGN_IDENTITY[sdk=iphoneos*]" = "iPhone Developer";
				COPY_PHASE_STRIP = NO;
				ENABLE_STRICT_OBJC_MSGSEND = YES;
				GCC_C_LANGUAGE_STANDARD = gnu99;
				GCC_DYNAMIC_NO_PIC = NO;
				GCC_OPTIMIZATION_LEVEL = 0;
				GCC_PREPROCESSOR_DEFINITIONS = (
					"DEBUG=1",
					"$(inherited)",
				);
				GCC_SYMBOLS_PRIVATE_EXTERN = NO;
				GCC_WARN_64_TO_32_BIT_CONVERSION = YES;
				GCC_WARN_ABOUT_RETURN_TYPE = YES_ERROR;
				GCC_WARN_UNDECLARED_SELECTOR = YES;
				GCC_WARN_UNINITIALIZED_AUTOS = YES_AGGRESSIVE;
				GCC_WARN_UNUSED_FUNCTION = YES;
				GCC_WARN_UNUSED_VARIABLE = YES;
				IPHONEOS_DEPLOYMENT_TARGET = 8.1;
				MTL_ENABLE_DEBUG_INFO = YES;
				ONLY_ACTIVE_ARCH = YES;
				SDKROOT = iphoneos;
				TARGETED_DEVICE_FAMILY = "1,2";
			};
			name = Debug;
		};
		FADE35F41B65886F0020ADFD /* Release */ = {
			isa = XCBuildConfiguration;
			buildSettings = {
				ALWAYS_SEARCH_USER_PATHS = NO;
				CLANG_CXX_LANGUAGE_STANDARD = "gnu++0x";
				CLANG_CXX_LIBRARY = "libc++";
				CLANG_ENABLE_MODULES = YES;
				CLANG_ENABLE_OBJC_ARC = YES;
				CLANG_WARN_BOOL_CONVERSION = YES;
				CLANG_WARN_CONSTANT_CONVERSION = YES;
				CLANG_WARN_DIRECT_OBJC_ISA_USAGE = YES_ERROR;
				CLANG_WARN_EMPTY_BODY = YES;
				CLANG_WARN_ENUM_CONVERSION = YES;
				CLANG_WARN_INT_CONVERSION = YES;
				CLANG_WARN_OBJC_ROOT_CLASS = YES_ERROR;
				CLANG_WARN_UNREACHABLE_CODE = YES;
				CLANG_WARN__DUPLICATE_METHOD_MATCH = YES;
				"CODE_SIGN_IDENTITY[sdk=iphoneos*]" = "iPhone Developer";
				COPY_PHASE_STRIP = YES;
				ENABLE_NS_ASSERTIONS = NO;
				ENABLE_STRICT_OBJC_MSGSEND = YES;
				GCC_C_LANGUAGE_STANDARD = gnu99;
				GCC_WARN_64_TO_32_BIT_CONVERSION = YES;
				GCC_WARN_ABOUT_RETURN_TYPE = YES_ERROR;
				GCC_WARN_UNDECLARED_SELECTOR = YES;
				GCC_WARN_UNINITIALIZED_AUTOS = YES_AGGRESSIVE;
				GCC_WARN_UNUSED_FUNCTION = YES;
				GCC_WARN_UNUSED_VARIABLE = YES;
				IPHONEOS_DEPLOYMENT_TARGET = 8.1;
				MTL_ENABLE_DEBUG_INFO = NO;
				SDKROOT = iphoneos;
				TARGETED_DEVICE_FAMILY = "1,2";
				VALIDATE_PRODUCT = YES;
			};
			name = Release;
		};
		FADE35F61B65886F0020ADFD /* Debug */ = {
			isa = XCBuildConfiguration;
			buildSettings = {
				ASSETCATALOG_COMPILER_APPICON_NAME = AppIcon;
				INFOPLIST_FILE = WakeWake/Info.plist;
				LD_RUNPATH_SEARCH_PATHS = "$(inherited) @executable_path/Frameworks";
				PRODUCT_NAME = "$(TARGET_NAME)";
			};
			name = Debug;
		};
		FADE35F71B65886F0020ADFD /* Release */ = {
			isa = XCBuildConfiguration;
			buildSettings = {
				ASSETCATALOG_COMPILER_APPICON_NAME = AppIcon;
				INFOPLIST_FILE = WakeWake/Info.plist;
				LD_RUNPATH_SEARCH_PATHS = "$(inherited) @executable_path/Frameworks";
				PRODUCT_NAME = "$(TARGET_NAME)";
			};
			name = Release;
		};
		FADE35F91B65886F0020ADFD /* Debug */ = {
			isa = XCBuildConfiguration;
			buildSettings = {
				BUNDLE_LOADER = "$(TEST_HOST)";
				FRAMEWORK_SEARCH_PATHS = (
					"$(SDKROOT)/Developer/Library/Frameworks",
					"$(inherited)",
				);
				GCC_PREPROCESSOR_DEFINITIONS = (
					"DEBUG=1",
					"$(inherited)",
				);
				INFOPLIST_FILE = WakeWakeTests/Info.plist;
				LD_RUNPATH_SEARCH_PATHS = "$(inherited) @executable_path/Frameworks @loader_path/Frameworks";
				PRODUCT_NAME = "$(TARGET_NAME)";
				TEST_HOST = "$(BUILT_PRODUCTS_DIR)/WakeWake.app/WakeWake";
			};
			name = Debug;
		};
		FADE35FA1B65886F0020ADFD /* Release */ = {
			isa = XCBuildConfiguration;
			buildSettings = {
				BUNDLE_LOADER = "$(TEST_HOST)";
				FRAMEWORK_SEARCH_PATHS = (
					"$(SDKROOT)/Developer/Library/Frameworks",
					"$(inherited)",
				);
				INFOPLIST_FILE = WakeWakeTests/Info.plist;
				LD_RUNPATH_SEARCH_PATHS = "$(inherited) @executable_path/Frameworks @loader_path/Frameworks";
				PRODUCT_NAME = "$(TARGET_NAME)";
				TEST_HOST = "$(BUILT_PRODUCTS_DIR)/WakeWake.app/WakeWake";
			};
			name = Release;
		};
/* End XCBuildConfiguration section */

/* Begin XCConfigurationList section */
		FADE35CA1B65886F0020ADFD /* Build configuration list for PBXProject "WakeWake" */ = {
			isa = XCConfigurationList;
			buildConfigurations = (
				FADE35F31B65886F0020ADFD /* Debug */,
				FADE35F41B65886F0020ADFD /* Release */,
			);
			defaultConfigurationIsVisible = 0;
			defaultConfigurationName = Release;
		};
		FADE35F51B65886F0020ADFD /* Build configuration list for PBXNativeTarget "WakeWake" */ = {
			isa = XCConfigurationList;
			buildConfigurations = (
				FADE35F61B65886F0020ADFD /* Debug */,
				FADE35F71B65886F0020ADFD /* Release */,
			);
			defaultConfigurationIsVisible = 0;
			defaultConfigurationName = Release;
		};
		FADE35F81B65886F0020ADFD /* Build configuration list for PBXNativeTarget "WakeWakeTests" */ = {
			isa = XCConfigurationList;
			buildConfigurations = (
				FADE35F91B65886F0020ADFD /* Debug */,
				FADE35FA1B65886F0020ADFD /* Release */,
			);
			defaultConfigurationIsVisible = 0;
			defaultConfigurationName = Release;
		};
/* End XCConfigurationList section */

/* Begin XCVersionGroup section */
		FADE35D91B65886F0020ADFD /* WakeWake.xcdatamodeld */ = {
			isa = XCVersionGroup;
			children = (
				FADE35DA1B65886F0020ADFD /* WakeWake.xcdatamodel */,
			);
			currentVersion = FADE35DA1B65886F0020ADFD /* WakeWake.xcdatamodel */;
			path = WakeWake.xcdatamodeld;
			sourceTree = "<group>";
			versionGroupType = wrapper.xcdatamodel;
		};
/* End XCVersionGroup section */
	};
	rootObject = FADE35C71B65886F0020ADFD /* Project object */;
}
